
Microsoft Visual Studio Solution File, Format Version 12.00
# Visual Studio Version 16
VisualStudioVersion = 16.0.30413.136
MinimumVisualStudioVersion = 10.0.40219.1
Project("{8BC9CEB8-8B4A-11D0-8D11-00A0C91BC942}") = "point2_2022_3_18", "point2_2022_3_18.vcxproj", "{DCE144F4-A583-4C3B-8B90-C1FEA7188A16}"
EndProject
Global
	GlobalSection(SolutionConfigurationPlatforms) = preSolution
		Debug|x64 = Debug|x64
		Debug|x86 = Debug|x86
		Release|x64 = Release|x64
		Release|x86 = Release|x86
	EndGlobalSection
	GlobalSection(ProjectConfigurationPlatforms) = postSolution
		{DCE144F4-A583-4C3B-8B90-C1FEA7188A16}.Debug|x64.ActiveCfg = Debug|x64
		{DCE144F4-A583-4C3B-8B90-C1FEA7188A16}.Debug|x64.Build.0 = Debug|x64
		{DCE144F4-A583-4C3B-8B90-C1FEA7188A16}.Debug|x86.ActiveCfg = Debug|Win32
		{DCE144F4-A583-4C3B-8B90-C1FEA7188A16}.Debug|x86.Build.0 = Debug|Win32
		{DCE144F4-A583-4C3B-8B90-C1FEA7188A16}.Release|x64.ActiveCfg = Release|x64
		{DCE144F4-A583-4C3B-8B90-C1FEA7188A16}.Release|x64.Build.0 = Release|x64
		{DCE144F4-A583-4C3B-8B90-C1FEA7188A16}.Release|x86.ActiveCfg = Release|Win32
		{DCE144F4-A583-4C3B-8B90-C1FEA7188A16}.Release|x86.Build.0 = Release|Win32
	EndGlobalSection
	GlobalSection(SolutionProperties) = preSolution
		HideSolutionNode = FALSE
	EndGlobalSection
	GlobalSection(ExtensibilityGlobals) = postSolution
		SolutionGuid = {D23E2829-F7C2-4740-86B7-31DD1BC4B623}
	EndGlobalSection
EndGlobal
