
Microsoft Visual Studio Solution File, Format Version 12.00
# Visual Studio Version 16
VisualStudioVersion = 16.0.30413.136
MinimumVisualStudioVersion = 10.0.40219.1
Project("{8BC9CEB8-8B4A-11D0-8D11-00A0C91BC942}") = "struct_2022_3_15", "struct_2022_3_15.vcxproj", "{FA7C6FF2-4EEF-4B42-8BBC-4CC246005350}"
EndProject
Global
	GlobalSection(SolutionConfigurationPlatforms) = preSolution
		Debug|x64 = Debug|x64
		Debug|x86 = Debug|x86
		Release|x64 = Release|x64
		Release|x86 = Release|x86
	EndGlobalSection
	GlobalSection(ProjectConfigurationPlatforms) = postSolution
		{FA7C6FF2-4EEF-4B42-8BBC-4CC246005350}.Debug|x64.ActiveCfg = Debug|x64
		{FA7C6FF2-4EEF-4B42-8BBC-4CC246005350}.Debug|x64.Build.0 = Debug|x64
		{FA7C6FF2-4EEF-4B42-8BBC-4CC246005350}.Debug|x86.ActiveCfg = Debug|Win32
		{FA7C6FF2-4EEF-4B42-8BBC-4CC246005350}.Debug|x86.Build.0 = Debug|Win32
		{FA7C6FF2-4EEF-4B42-8BBC-4CC246005350}.Release|x64.ActiveCfg = Release|x64
		{FA7C6FF2-4EEF-4B42-8BBC-4CC246005350}.Release|x64.Build.0 = Release|x64
		{FA7C6FF2-4EEF-4B42-8BBC-4CC246005350}.Release|x86.ActiveCfg = Release|Win32
		{FA7C6FF2-4EEF-4B42-8BBC-4CC246005350}.Release|x86.Build.0 = Release|Win32
	EndGlobalSection
	GlobalSection(SolutionProperties) = preSolution
		HideSolutionNode = FALSE
	EndGlobalSection
	GlobalSection(ExtensibilityGlobals) = postSolution
		SolutionGuid = {F446FA01-5ACF-40B7-96E9-21C1B72DDAA8}
	EndGlobalSection
EndGlobal
